
Microsoft Visual Studio Solution File, Format Version 12.00
# Visual Studio Version 17
VisualStudioVersion = 17.0.31903.59
MinimumVisualStudioVersion = 10.0.40219.1
Project("{FAE04EC0-301F-11D3-BF4B-00C04F79EFBC}") = "Questão 1", "Questão 1\Questão 1.csproj", "{5F505A30-8157-4682-933E-5B1FAC8C652B}"
EndProject
Project("{FAE04EC0-301F-11D3-BF4B-00C04F79EFBC}") = "Questão2", "Questão2\Questão2.csproj", "{9400BB81-B938-4D13-9DB8-E0C2CB5333C9}"
EndProject
Project("{FAE04EC0-301F-11D3-BF4B-00C04F79EFBC}") = "Questão 2", "Questão 2\Questão 2.csproj", "{848BCA80-D254-431C-96C3-7E5B4849C277}"
EndProject
Project("{FAE04EC0-301F-11D3-BF4B-00C04F79EFBC}") = "Questão 3", "Questão 3\Questão 3.csproj", "{0FFC5A16-8A3F-4A9A-9091-68FF045E27CC}"
EndProject
Project("{FAE04EC0-301F-11D3-BF4B-00C04F79EFBC}") = "Questão 4", "Questão 4\Questão 4.csproj", "{0E016E08-5FD0-4A27-98E1-674B338B0136}"
EndProject
Project("{FAE04EC0-301F-11D3-BF4B-00C04F79EFBC}") = "Questão 5", "Questão 5\Questão 5.csproj", "{20018151-1282-4BEA-9634-867B37770EF5}"
EndProject
Project("{FAE04EC0-301F-11D3-BF4B-00C04F79EFBC}") = "Questão 6", "Questão 6\Questão 6.csproj", "{1B47072C-AF87-423E-9583-33DA169DEC4A}"
EndProject
Project("{FAE04EC0-301F-11D3-BF4B-00C04F79EFBC}") = "Questão 7", "Questão 7\Questão 7.csproj", "{C652D70B-5B94-4245-A02D-9CFCFB1B29BD}"
EndProject
Project("{FAE04EC0-301F-11D3-BF4B-00C04F79EFBC}") = "Questão 8", "Questão 8\Questão 8.csproj", "{92080B03-3916-4C37-A34F-ED9A5941FDB3}"
EndProject
Project("{FAE04EC0-301F-11D3-BF4B-00C04F79EFBC}") = "Questão 9", "Questão 9\Questão 9.csproj", "{235EF4F4-F72B-468A-8957-0463322E5301}"
EndProject
Project("{FAE04EC0-301F-11D3-BF4B-00C04F79EFBC}") = "Questão 10", "Questão 10\Questão 10.csproj", "{46F7D1BB-8D51-45FB-90C1-2B5828FD3308}"
EndProject
Project("{FAE04EC0-301F-11D3-BF4B-00C04F79EFBC}") = "Questão 11", "Questão 11\Questão 11.csproj", "{8DC55E1A-82DA-4936-B5C5-18FCEF0EE242}"
EndProject
Project("{FAE04EC0-301F-11D3-BF4B-00C04F79EFBC}") = "Questão 12", "Questão 12\Questão 12.csproj", "{68C71141-560E-4F8B-BD26-42DFAE0A6ACC}"
EndProject
Global
	GlobalSection(SolutionConfigurationPlatforms) = preSolution
		Debug|Any CPU = Debug|Any CPU
		Release|Any CPU = Release|Any CPU
	EndGlobalSection
	GlobalSection(SolutionProperties) = preSolution
		HideSolutionNode = FALSE
	EndGlobalSection
	GlobalSection(ProjectConfigurationPlatforms) = postSolution
		{5F505A30-8157-4682-933E-5B1FAC8C652B}.Debug|Any CPU.ActiveCfg = Debug|Any CPU
		{5F505A30-8157-4682-933E-5B1FAC8C652B}.Debug|Any CPU.Build.0 = Debug|Any CPU
		{5F505A30-8157-4682-933E-5B1FAC8C652B}.Release|Any CPU.ActiveCfg = Release|Any CPU
		{5F505A30-8157-4682-933E-5B1FAC8C652B}.Release|Any CPU.Build.0 = Release|Any CPU
		{9400BB81-B938-4D13-9DB8-E0C2CB5333C9}.Debug|Any CPU.ActiveCfg = Debug|Any CPU
		{9400BB81-B938-4D13-9DB8-E0C2CB5333C9}.Debug|Any CPU.Build.0 = Debug|Any CPU
		{9400BB81-B938-4D13-9DB8-E0C2CB5333C9}.Release|Any CPU.ActiveCfg = Release|Any CPU
		{9400BB81-B938-4D13-9DB8-E0C2CB5333C9}.Release|Any CPU.Build.0 = Release|Any CPU
		{848BCA80-D254-431C-96C3-7E5B4849C277}.Debug|Any CPU.ActiveCfg = Debug|Any CPU
		{848BCA80-D254-431C-96C3-7E5B4849C277}.Debug|Any CPU.Build.0 = Debug|Any CPU
		{848BCA80-D254-431C-96C3-7E5B4849C277}.Release|Any CPU.ActiveCfg = Release|Any CPU
		{848BCA80-D254-431C-96C3-7E5B4849C277}.Release|Any CPU.Build.0 = Release|Any CPU
		{0FFC5A16-8A3F-4A9A-9091-68FF045E27CC}.Debug|Any CPU.ActiveCfg = Debug|Any CPU
		{0FFC5A16-8A3F-4A9A-9091-68FF045E27CC}.Debug|Any CPU.Build.0 = Debug|Any CPU
		{0FFC5A16-8A3F-4A9A-9091-68FF045E27CC}.Release|Any CPU.ActiveCfg = Release|Any CPU
		{0FFC5A16-8A3F-4A9A-9091-68FF045E27CC}.Release|Any CPU.Build.0 = Release|Any CPU
		{0E016E08-5FD0-4A27-98E1-674B338B0136}.Debug|Any CPU.ActiveCfg = Debug|Any CPU
		{0E016E08-5FD0-4A27-98E1-674B338B0136}.Debug|Any CPU.Build.0 = Debug|Any CPU
		{0E016E08-5FD0-4A27-98E1-674B338B0136}.Release|Any CPU.ActiveCfg = Release|Any CPU
		{0E016E08-5FD0-4A27-98E1-674B338B0136}.Release|Any CPU.Build.0 = Release|Any CPU
		{20018151-1282-4BEA-9634-867B37770EF5}.Debug|Any CPU.ActiveCfg = Debug|Any CPU
		{20018151-1282-4BEA-9634-867B37770EF5}.Debug|Any CPU.Build.0 = Debug|Any CPU
		{20018151-1282-4BEA-9634-867B37770EF5}.Release|Any CPU.ActiveCfg = Release|Any CPU
		{20018151-1282-4BEA-9634-867B37770EF5}.Release|Any CPU.Build.0 = Release|Any CPU
		{1B47072C-AF87-423E-9583-33DA169DEC4A}.Debug|Any CPU.ActiveCfg = Debug|Any CPU
		{1B47072C-AF87-423E-9583-33DA169DEC4A}.Debug|Any CPU.Build.0 = Debug|Any CPU
		{1B47072C-AF87-423E-9583-33DA169DEC4A}.Release|Any CPU.ActiveCfg = Release|Any CPU
		{1B47072C-AF87-423E-9583-33DA169DEC4A}.Release|Any CPU.Build.0 = Release|Any CPU
		{C652D70B-5B94-4245-A02D-9CFCFB1B29BD}.Debug|Any CPU.ActiveCfg = Debug|Any CPU
		{C652D70B-5B94-4245-A02D-9CFCFB1B29BD}.Debug|Any CPU.Build.0 = Debug|Any CPU
		{C652D70B-5B94-4245-A02D-9CFCFB1B29BD}.Release|Any CPU.ActiveCfg = Release|Any CPU
		{C652D70B-5B94-4245-A02D-9CFCFB1B29BD}.Release|Any CPU.Build.0 = Release|Any CPU
		{92080B03-3916-4C37-A34F-ED9A5941FDB3}.Debug|Any CPU.ActiveCfg = Debug|Any CPU
		{92080B03-3916-4C37-A34F-ED9A5941FDB3}.Debug|Any CPU.Build.0 = Debug|Any CPU
		{92080B03-3916-4C37-A34F-ED9A5941FDB3}.Release|Any CPU.ActiveCfg = Release|Any CPU
		{92080B03-3916-4C37-A34F-ED9A5941FDB3}.Release|Any CPU.Build.0 = Release|Any CPU
		{235EF4F4-F72B-468A-8957-0463322E5301}.Debug|Any CPU.ActiveCfg = Debug|Any CPU
		{235EF4F4-F72B-468A-8957-0463322E5301}.Debug|Any CPU.Build.0 = Debug|Any CPU
		{235EF4F4-F72B-468A-8957-0463322E5301}.Release|Any CPU.ActiveCfg = Release|Any CPU
		{235EF4F4-F72B-468A-8957-0463322E5301}.Release|Any CPU.Build.0 = Release|Any CPU
		{46F7D1BB-8D51-45FB-90C1-2B5828FD3308}.Debug|Any CPU.ActiveCfg = Debug|Any CPU
		{46F7D1BB-8D51-45FB-90C1-2B5828FD3308}.Debug|Any CPU.Build.0 = Debug|Any CPU
		{46F7D1BB-8D51-45FB-90C1-2B5828FD3308}.Release|Any CPU.ActiveCfg = Release|Any CPU
		{46F7D1BB-8D51-45FB-90C1-2B5828FD3308}.Release|Any CPU.Build.0 = Release|Any CPU
		{8DC55E1A-82DA-4936-B5C5-18FCEF0EE242}.Debug|Any CPU.ActiveCfg = Debug|Any CPU
		{8DC55E1A-82DA-4936-B5C5-18FCEF0EE242}.Debug|Any CPU.Build.0 = Debug|Any CPU
		{8DC55E1A-82DA-4936-B5C5-18FCEF0EE242}.Release|Any CPU.ActiveCfg = Release|Any CPU
		{8DC55E1A-82DA-4936-B5C5-18FCEF0EE242}.Release|Any CPU.Build.0 = Release|Any CPU
		{68C71141-560E-4F8B-BD26-42DFAE0A6ACC}.Debug|Any CPU.ActiveCfg = Debug|Any CPU
		{68C71141-560E-4F8B-BD26-42DFAE0A6ACC}.Debug|Any CPU.Build.0 = Debug|Any CPU
		{68C71141-560E-4F8B-BD26-42DFAE0A6ACC}.Release|Any CPU.ActiveCfg = Release|Any CPU
		{68C71141-560E-4F8B-BD26-42DFAE0A6ACC}.Release|Any CPU.Build.0 = Release|Any CPU
	EndGlobalSection
EndGlobal
